{
  "name": "y-typed",
  "version": "1.0.0",
  "lockfileVersion": 2,
  "requires": true,
  "packages": {
    "": {
      "name": "y-typed",
      "version": "1.0.0",
      "license": "ISC",
      "dependencies": {
        "yjs": "^13.6.23"
      },
      "devDependencies": {
        "@tsconfig/recommended": "^1.0.8",
        "prettier": "3.4.2",
        "typescript": "^5.7.3"
      }
    },
    "node_modules/@tsconfig/recommended": {
      "version": "1.0.8",
      "resolved": "https://registry.npmjs.org/@tsconfig/recommended/-/recommended-1.0.8.tgz",
      "integrity": "sha512-TotjFaaXveVUdsrXCdalyF6E5RyG6+7hHHQVZonQtdlk1rJZ1myDIvPUUKPhoYv+JAzThb2lQJh9+9ZfF46hsA==",
      "dev": true
    },
    "node_modules/isomorphic.js": {
      "version": "0.2.5",
      "resolved": "https://registry.npmjs.org/isomorphic.js/-/isomorphic.js-0.2.5.tgz",
      "integrity": "sha512-PIeMbHqMt4DnUP3MA/Flc0HElYjMXArsw1qwJZcm9sqR8mq3l8NYizFMty0pWwE/tzIGH3EKK5+jes5mAr85yw==",
      "funding": {
        "type": "GitHub Sponsors ❤",
        "url": "https://github.com/sponsors/dmonad"
      }
    },
    "node_modules/lib0": {
      "version": "0.2.99",
      "resolved": "https://registry.npmjs.org/lib0/-/lib0-0.2.99.tgz",
      "integrity": "sha512-vwztYuUf1uf/1zQxfzRfO5yzfNKhTtgOByCruuiQQxWQXnPb8Itaube5ylofcV0oM0aKal9Mv+S1s1Ky0UYP1w==",
      "dependencies": {
        "isomorphic.js": "^0.2.4"
      },
      "bin": {
        "0ecdsa-generate-keypair": "bin/0ecdsa-generate-keypair.js",
        "0gentesthtml": "bin/gentesthtml.js",
        "0serve": "bin/0serve.js"
      },
      "engines": {
        "node": ">=16"
      },
      "funding": {
        "type": "GitHub Sponsors ❤",
        "url": "https://github.com/sponsors/dmonad"
      }
    },
    "node_modules/prettier": {
      "version": "3.4.2",
      "resolved": "https://registry.npmjs.org/prettier/-/prettier-3.4.2.tgz",
      "integrity": "sha512-e9MewbtFo+Fevyuxn/4rrcDAaq0IYxPGLvObpQjiZBMAzB9IGmzlnG9RZy3FFas+eBMu2vA0CszMeduow5dIuQ==",
      "dev": true,
      "bin": {
        "prettier": "bin/prettier.cjs"
      },
      "engines": {
        "node": ">=14"
      },
      "funding": {
        "url": "https://github.com/prettier/prettier?sponsor=1"
      }
    },
    "node_modules/typescript": {
      "version": "5.7.3",
      "resolved": "https://registry.npmjs.org/typescript/-/typescript-5.7.3.tgz",
      "integrity": "sha512-84MVSjMEHP+FQRPy3pX9sTVV/INIex71s9TL2Gm5FG/WG1SqXeKyZ0k7/blY/4FdOzI12CBy1vGc4og/eus0fw==",
      "dev": true,
      "bin": {
        "tsc": "bin/tsc",
        "tsserver": "bin/tsserver"
      },
      "engines": {
        "node": ">=14.17"
      }
    },
    "node_modules/yjs": {
      "version": "13.6.23",
      "resolved": "https://registry.npmjs.org/yjs/-/yjs-13.6.23.tgz",
      "integrity": "sha512-ExtnT5WIOVpkL56bhLeisG/N5c4fmzKn4k0ROVfJa5TY2QHbH7F0Wu2T5ZhR7ErsFWQEFafyrnSI8TPKVF9Few==",
      "dependencies": {
        "lib0": "^0.2.99"
      },
      "engines": {
        "node": ">=16.0.0",
        "npm": ">=8.0.0"
      },
      "funding": {
        "type": "GitHub Sponsors ❤",
        "url": "https://github.com/sponsors/dmonad"
      }
    }
  },
  "dependencies": {
    "@tsconfig/recommended": {
      "version": "1.0.8",
      "resolved": "https://registry.npmjs.org/@tsconfig/recommended/-/recommended-1.0.8.tgz",
      "integrity": "sha512-TotjFaaXveVUdsrXCdalyF6E5RyG6+7hHHQVZonQtdlk1rJZ1myDIvPUUKPhoYv+JAzThb2lQJh9+9ZfF46hsA==",
      "dev": true
    },
    "isomorphic.js": {
      "version": "0.2.5",
      "resolved": "https://registry.npmjs.org/isomorphic.js/-/isomorphic.js-0.2.5.tgz",
      "integrity": "sha512-PIeMbHqMt4DnUP3MA/Flc0HElYjMXArsw1qwJZcm9sqR8mq3l8NYizFMty0pWwE/tzIGH3EKK5+jes5mAr85yw=="
    },
    "lib0": {
      "version": "0.2.99",
      "resolved": "https://registry.npmjs.org/lib0/-/lib0-0.2.99.tgz",
      "integrity": "sha512-vwztYuUf1uf/1zQxfzRfO5yzfNKhTtgOByCruuiQQxWQXnPb8Itaube5ylofcV0oM0aKal9Mv+S1s1Ky0UYP1w==",
      "requires": {
        "isomorphic.js": "^0.2.4"
      }
    },
    "prettier": {
      "version": "3.4.2",
      "resolved": "https://registry.npmjs.org/prettier/-/prettier-3.4.2.tgz",
      "integrity": "sha512-e9MewbtFo+Fevyuxn/4rrcDAaq0IYxPGLvObpQjiZBMAzB9IGmzlnG9RZy3FFas+eBMu2vA0CszMeduow5dIuQ==",
      "dev": true
    },
    "typescript": {
      "version": "5.7.3",
      "resolved": "https://registry.npmjs.org/typescript/-/typescript-5.7.3.tgz",
      "integrity": "sha512-84MVSjMEHP+FQRPy3pX9sTVV/INIex71s9TL2Gm5FG/WG1SqXeKyZ0k7/blY/4FdOzI12CBy1vGc4og/eus0fw==",
      "dev": true
    },
    "yjs": {
      "version": "13.6.23",
      "resolved": "https://registry.npmjs.org/yjs/-/yjs-13.6.23.tgz",
      "integrity": "sha512-ExtnT5WIOVpkL56bhLeisG/N5c4fmzKn4k0ROVfJa5TY2QHbH7F0Wu2T5ZhR7ErsFWQEFafyrnSI8TPKVF9Few==",
      "requires": {
        "lib0": "^0.2.99"
      }
    }
  }
}
